{
  "name": "@dotkomonline/ds2",
  "version": "0.1.0",
  "lockfileVersion": 1,
  "requires": true,
  "dependencies": {
    "@stencil/core": {
      "version": "2.8.1",
      "resolved": "https://registry.npmjs.org/@stencil/core/-/core-2.8.1.tgz",
      "integrity": "sha512-iv9J6oLO/lv7/aO45M05yw3pp1J7olY400vlOZgdMVs3s5zHfalY1ZPYM0KyqU4+7DZuadKYbd0aQZ/g2PInZw=="
    },
    "typescript": {
      "version": "4.4.3",
      "resolved": "https://registry.npmjs.org/typescript/-/typescript-4.4.3.tgz",
      "integrity": "sha512-4xfscpisVgqqDfPaJo5vkd+Qd/ItkoagnHpufr+i2QCHBsNYp+G7UAoyFl8aPtx879u38wPV65rZ8qbGZijalA==",
      "dev": true
    }
  }
}
